// !$*UTF8*$!
{
	archiveVersion = 1;
	classes = {
	};
	objectVersion = 46;
	objects = {

/* Begin PBXBuildFile section */
		C51B095A1D43D6F2004761E1 /* Default@2x.png in Resources */ = {isa = PBXBuildFile; fileRef = C51B09581D43D6F2004761E1 /* Default@2x.png */; };
		C51B095B1D43D6F2004761E1 /* Default-568h@2x.png in Resources */ = {isa = PBXBuildFile; fileRef = C51B09591D43D6F2004761E1 /* Default-568h@2x.png */; };
		C53184181D4182C1002593B2 /* AboutViewController.swift in Sources */ = {isa = PBXBuildFile; fileRef = C53184171D4182C1002593B2 /* AboutViewController.swift */; };
		C560D4061D41A42C00B63149 /* BullsEye.html in Resources */ = {isa = PBXBuildFile; fileRef = C560D4051D41A42C00B63149 /* BullsEye.html */; };
		C5B7EDB91D3D503100A38B12 /* AppDelegate.swift in Sources */ = {isa = PBXBuildFile; fileRef = C5B7EDB81D3D503100A38B12 /* AppDelegate.swift */; };
		C5B7EDBB1D3D503100A38B12 /* ViewController.swift in Sources */ = {isa = PBXBuildFile; fileRef = C5B7EDBA1D3D503100A38B12 /* ViewController.swift */; };
		C5B7EDBE1D3D503100A38B12 /* Main.storyboard in Resources */ = {isa = PBXBuildFile; fileRef = C5B7EDBC1D3D503100A38B12 /* Main.storyboard */; };
		C5B7EDC01D3D503100A38B12 /* Assets.xcassets in Resources */ = {isa = PBXBuildFile; fileRef = C5B7EDBF1D3D503100A38B12 /* Assets.xcassets */; };
/* End PBXBuildFile section */

/* Begin PBXFileReference section */
		C51B09581D43D6F2004761E1 /* Default@2x.png */ = {isa = PBXFileReference; lastKnownFileType = image.png; path = "Default@2x.png"; sourceTree = "<group>"; };
		C51B09591D43D6F2004761E1 /* Default-568h@2x.png */ = {isa = PBXFileReference; lastKnownFileType = image.png; path = "Default-568h@2x.png"; sourceTree = "<group>"; };
		C53184171D4182C1002593B2 /* AboutViewController.swift */ = {isa = PBXFileReference; fileEncoding = 4; lastKnownFileType = sourcecode.swift; path = AboutViewController.swift; sourceTree = "<group>"; };
		C560D4051D41A42C00B63149 /* BullsEye.html */ = {isa = PBXFileReference; fileEncoding = 4; lastKnownFileType = text.html; path = BullsEye.html; sourceTree = "<group>"; };
		C5B7EDB51D3D503100A38B12 /* BullsEye.app */ = {isa = PBXFileReference; explicitFileType = wrapper.application; includeInIndex = 0; path = BullsEye.app; sourceTree = BUILT_PRODUCTS_DIR; };
		C5B7EDB81D3D503100A38B12 /* AppDelegate.swift */ = {isa = PBXFileReference; lastKnownFileType = sourcecode.swift; path = AppDelegate.swift; sourceTree = "<group>"; };
		C5B7EDBA1D3D503100A38B12 /* ViewController.swift */ = {isa = PBXFileReference; lastKnownFileType = sourcecode.swift; path = ViewController.swift; sourceTree = "<group>"; };
		C5B7EDBD1D3D503100A38B12 /* Base */ = {isa = PBXFileReference; lastKnownFileType = file.storyboard; name = Base; path = Base.lproj/Main.storyboard; sourceTree = "<group>"; };
		C5B7EDBF1D3D503100A38B12 /* Assets.xcassets */ = {isa = PBXFileReference; lastKnownFileType = folder.assetcatalog; path = Assets.xcassets; sourceTree = "<group>"; };
		C5B7EDC41D3D503100A38B12 /* Info.plist */ = {isa = PBXFileReference; lastKnownFileType = text.plist.xml; path = Info.plist; sourceTree = "<group>"; };
/* End PBXFileReference section */

/* Begin PBXFrameworksBuildPhase section */
		C5B7EDB21D3D503100A38B12 /* Frameworks */ = {
			isa = PBXFrameworksBuildPhase;
			buildActionMask = 2147483647;
			files = (
			);
			runOnlyForDeploymentPostprocessing = 0;
		};
/* End PBXFrameworksBuildPhase section */

/* Begin PBXGroup section */
		C5B7EDAC1D3D503100A38B12 = {
			isa = PBXGroup;
			children = (
				C5B7EDB71D3D503100A38B12 /* BullsEye */,
				C5B7EDB61D3D503100A38B12 /* Products */,
			);
			sourceTree = "<group>";
		};
		C5B7EDB61D3D503100A38B12 /* Products */ = {
			isa = PBXGroup;
			children = (
				C5B7EDB51D3D503100A38B12 /* BullsEye.app */,
			);
			name = Products;
			sourceTree = "<group>";
		};
		C5B7EDB71D3D503100A38B12 /* BullsEye */ = {
			isa = PBXGroup;
			children = (
				C51B09581D43D6F2004761E1 /* Default@2x.png */,
				C51B09591D43D6F2004761E1 /* Default-568h@2x.png */,
				C560D4051D41A42C00B63149 /* BullsEye.html */,
				C5B7EDB81D3D503100A38B12 /* AppDelegate.swift */,
				C5B7EDBA1D3D503100A38B12 /* ViewController.swift */,
				C53184171D4182C1002593B2 /* AboutViewController.swift */,
				C5B7EDBC1D3D503100A38B12 /* Main.storyboard */,
				C5B7EDBF1D3D503100A38B12 /* Assets.xcassets */,
				C5B7EDC41D3D503100A38B12 /* Info.plist */,
			);
			path = BullsEye;
			sourceTree = "<group>";
		};
/* End PBXGroup section */

/* Begin PBXNativeTarget section */
		C5B7EDB41D3D503100A38B12 /* BullsEye */ = {
			isa = PBXNativeTarget;
			buildConfigurationList = C5B7EDC71D3D503100A38B12 /* Build configuration list for PBXNativeTarget "BullsEye" */;
			buildPhases = (
				C5B7EDB11D3D503100A38B12 /* Sources */,
				C5B7EDB21D3D503100A38B12 /* Frameworks */,
				C5B7EDB31D3D503100A38B12 /* Resources */,
			);
			buildRules = (
			);
			dependencies = (
			);
			name = BullsEye;
			productName = BullsEye;
			productReference = C5B7EDB51D3D503100A38B12 /* BullsEye.app */;
			productType = "com.apple.product-type.application";
		};
/* End PBXNativeTarget section */

/* Begin PBXProject section */
		C5B7EDAD1D3D503100A38B12 /* Project object */ = {
			isa = PBXProject;
			attributes = {
				LastSwiftUpdateCheck = 0730;
				LastUpgradeCheck = 0730;
				ORGANIZATIONNAME = "Guido J. Medina";
				TargetAttributes = {
					C5B7EDB41D3D503100A38B12 = {
						CreatedOnToolsVersion = 7.3.1;
						DevelopmentTeam = 323NPS2NBC;
					};
				};
			};
			buildConfigurationList = C5B7EDB01D3D503100A38B12 /* Build configuration list for PBXProject "BullsEye" */;
			compatibilityVersion = "Xcode 3.2";
			developmentRegion = English;
			hasScannedForEncodings = 0;
			knownRegions = (
				en,
				Base,
			);
			mainGroup = C5B7EDAC1D3D503100A38B12;
			productRefGroup = C5B7EDB61D3D503100A38B12 /* Products */;
			projectDirPath = "";
			projectRoot = "";
			targets = (
				C5B7EDB41D3D503100A38B12 /* BullsEye */,
			);
		};
/* End PBXProject section */

/* Begin PBXResourcesBuildPhase section */
		C5B7EDB31D3D503100A38B12 /* Resources */ = {
			isa = PBXResourcesBuildPhase;
			buildActionMask = 2147483647;
			files = (
				C51B095A1D43D6F2004761E1 /* Default@2x.png in Resources */,
				C560D4061D41A42C00B63149 /* BullsEye.html in Resources */,
				C5B7EDC01D3D503100A38B12 /* Assets.xcassets in Resources */,
				C51B095B1D43D6F2004761E1 /* Default-568h@2x.png in Resources */,
				C5B7EDBE1D3D503100A38B12 /* Main.storyboard in Resources */,
			);
			runOnlyForDeploymentPostprocessing = 0;
		};
/* End PBXResourcesBuildPhase section */

/* Begin PBXSourcesBuildPhase section */
		C5B7EDB11D3D503100A38B12 /* Sources */ = {
			isa = PBXSourcesBuildPhase;
			buildActionMask = 2147483647;
			files = (
				C53184181D4182C1002593B2 /* AboutViewController.swift in Sources */,
				C5B7EDBB1D3D503100A38B12 /* ViewController.swift in Sources */,
				C5B7EDB91D3D503100A38B12 /* AppDelegate.swift in Sources */,
			);
			runOnlyForDeploymentPostprocessing = 0;
		};
/* End PBXSourcesBuildPhase section */

/* Begin PBXVariantGroup section */
		C5B7EDBC1D3D503100A38B12 /* Main.storyboard */ = {
			isa = PBXVariantGroup;
			children = (
				C5B7EDBD1D3D503100A38B12 /* Base */,
			);
			name = Main.storyboard;
			sourceTree = "<group>";
		};
/* End PBXVariantGroup section */

/* Begin XCBuildConfiguration section */
		C5B7EDC51D3D503100A38B12 /* Debug */ = {
			isa = XCBuildConfiguration;
			buildSettings = {
				ALWAYS_SEARCH_USER_PATHS = NO;
				CLANG_ANALYZER_NONNULL = YES;
				CLANG_CXX_LANGUAGE_STANDARD = "gnu++0x";
				CLANG_CXX_LIBRARY = "libc++";
				CLANG_ENABLE_MODULES = YES;
				CLANG_ENABLE_OBJC_ARC = YES;
				CLANG_WARN_BOOL_CONVERSION = YES;
				CLANG_WARN_CONSTANT_CONVERSION = YES;
				CLANG_WARN_DIRECT_OBJC_ISA_USAGE = YES_ERROR;
				CLANG_WARN_EMPTY_BODY = YES;
				CLANG_WARN_ENUM_CONVERSION = YES;
				CLANG_WARN_INT_CONVERSION = YES;
				CLANG_WARN_OBJC_ROOT_CLASS = YES_ERROR;
				CLANG_WARN_UNREACHABLE_CODE = YES;
				CLANG_WARN__DUPLICATE_METHOD_MATCH = YES;
				"CODE_SIGN_IDENTITY[sdk=iphoneos*]" = "iPhone Developer";
				COPY_PHASE_STRIP = NO;
				DEBUG_INFORMATION_FORMAT = dwarf;
				ENABLE_STRICT_OBJC_MSGSEND = YES;
				ENABLE_TESTABILITY = YES;
				GCC_C_LANGUAGE_STANDARD = gnu99;
				GCC_DYNAMIC_NO_PIC = NO;
				GCC_NO_COMMON_BLOCKS = YES;
				GCC_OPTIMIZATION_LEVEL = 0;
				GCC_PREPROCESSOR_DEFINITIONS = (
					"DEBUG=1",
					"$(inherited)",
				);
				GCC_WARN_64_TO_32_BIT_CONVERSION = YES;
				GCC_WARN_ABOUT_RETURN_TYPE = YES_ERROR;
				GCC_WARN_UNDECLARED_SELECTOR = YES;
				GCC_WARN_UNINITIALIZED_AUTOS = YES_AGGRESSIVE;
				GCC_WARN_UNUSED_FUNCTION = YES;
				GCC_WARN_UNUSED_VARIABLE = YES;
				IPHONEOS_DEPLOYMENT_TARGET = 9.3;
				MTL_ENABLE_DEBUG_INFO = YES;
				ONLY_ACTIVE_ARCH = YES;
				SDKROOT = iphoneos;
				SWIFT_OPTIMIZATION_LEVEL = "-Onone";
			};
			name = Debug;
		};
		C5B7EDC61D3D503100A38B12 /* Release */ = {
			isa = XCBuildConfiguration;
			buildSettings = {
				ALWAYS_SEARCH_USER_PATHS = NO;
				CLANG_ANALYZER_NONNULL = YES;
				CLANG_CXX_LANGUAGE_STANDARD = "gnu++0x";
				CLANG_CXX_LIBRARY = "libc++";
				CLANG_ENABLE_MODULES = YES;
				CLANG_ENABLE_OBJC_ARC = YES;
				CLANG_WARN_BOOL_CONVERSION = YES;
				CLANG_WARN_CONSTANT_CONVERSION = YES;
				CLANG_WARN_DIRECT_OBJC_ISA_USAGE = YES_ERROR;
				CLANG_WARN_EMPTY_BODY = YES;
				CLANG_WARN_ENUM_CONVERSION = YES;
				CLANG_WARN_INT_CONVERSION = YES;
				CLANG_WARN_OBJC_ROOT_CLASS = YES_ERROR;
				CLANG_WARN_UNREACHABLE_CODE = YES;
				CLANG_WARN__DUPLICATE_METHOD_MATCH = YES;
				"CODE_SIGN_IDENTITY[sdk=iphoneos*]" = "iPhone Developer";
				COPY_PHASE_STRIP = NO;
				DEBUG_INFORMATION_FORMAT = "dwarf-with-dsym";
				ENABLE_NS_ASSERTIONS = NO;
				ENABLE_STRICT_OBJC_MSGSEND = YES;
				GCC_C_LANGUAGE_STANDARD = gnu99;
				GCC_NO_COMMON_BLOCKS = YES;
				GCC_WARN_64_TO_32_BIT_CONVERSION = YES;
				GCC_WARN_ABOUT_RETURN_TYPE = YES_ERROR;
				GCC_WARN_UNDECLARED_SELECTOR = YES;
				GCC_WARN_UNINITIALIZED_AUTOS = YES_AGGRESSIVE;
				GCC_WARN_UNUSED_FUNCTION = YES;
				GCC_WARN_UNUSED_VARIABLE = YES;
				IPHONEOS_DEPLOYMENT_TARGET = 9.3;
				MTL_ENABLE_DEBUG_INFO = NO;
				SDKROOT = iphoneos;
				VALIDATE_PRODUCT = YES;
			};
			name = Release;
		};
		C5B7EDC81D3D503100A38B12 /* Debug */ = {
			isa = XCBuildConfiguration;
			buildSettings = {
				ASSETCATALOG_COMPILER_APPICON_NAME = AppIcon;
				CODE_SIGN_IDENTITY = "iPhone Developer";
				INFOPLIST_FILE = BullsEye/Info.plist;
				LD_RUNPATH_SEARCH_PATHS = "$(inherited) @executable_path/Frameworks";
				PRODUCT_BUNDLE_IDENTIFIER = com.guidojmedina.BullsEye;
				PRODUCT_NAME = "$(TARGET_NAME)";
			};
			name = Debug;
		};
		C5B7EDC91D3D503100A38B12 /* Release */ = {
			isa = XCBuildConfiguration;
			buildSettings = {
				ASSETCATALOG_COMPILER_APPICON_NAME = AppIcon;
				CODE_SIGN_IDENTITY = "iPhone Developer";
				INFOPLIST_FILE = BullsEye/Info.plist;
				LD_RUNPATH_SEARCH_PATHS = "$(inherited) @executable_path/Frameworks";
				PRODUCT_BUNDLE_IDENTIFIER = com.guidojmedina.BullsEye;
				PRODUCT_NAME = "$(TARGET_NAME)";
			};
			name = Release;
		};
/* End XCBuildConfiguration section */

/* Begin XCConfigurationList section */
		C5B7EDB01D3D503100A38B12 /* Build configuration list for PBXProject "BullsEye" */ = {
			isa = XCConfigurationList;
			buildConfigurations = (
				C5B7EDC51D3D503100A38B12 /* Debug */,
				C5B7EDC61D3D503100A38B12 /* Release */,
			);
			defaultConfigurationIsVisible = 0;
			defaultConfigurationName = Release;
		};
		C5B7EDC71D3D503100A38B12 /* Build configuration list for PBXNativeTarget "BullsEye" */ = {
			isa = XCConfigurationList;
			buildConfigurations = (
				C5B7EDC81D3D503100A38B12 /* Debug */,
				C5B7EDC91D3D503100A38B12 /* Release */,
			);
			defaultConfigurationIsVisible = 0;
			defaultConfigurationName = Release;
		};
/* End XCConfigurationList section */
	};
	rootObject = C5B7EDAD1D3D503100A38B12 /* Project object */;
}
